
Microsoft Visual Studio Solution File, Format Version 12.00
# Visual Studio 2017
Project("{FAE04EC0-301F-11D3-BF4B-00C04F79EFBC}") = "Match3_Tsyutsyura", "Match3_Tsyutsyura.csproj", "{81830EEB-9BA3-F3E0-2A4C-D261E874D308}"
EndProject
Project("{FAE04EC0-301F-11D3-BF4B-00C04F79EFBC}") = "Match3_Tsyutsyura.Editor", "Match3_Tsyutsyura.Editor.csproj", "{373DE62B-1303-138E-0744-6961C422382A}"
EndProject
Global
	GlobalSection(SolutionConfigurationPlatforms) = preSolution
		Debug|Any CPU = Debug|Any CPU
		Release|Any CPU = Release|Any CPU
	EndGlobalSection
	GlobalSection(ProjectConfigurationPlatforms) = postSolution
		{81830EEB-9BA3-F3E0-2A4C-D261E874D308}.Debug|Any CPU.ActiveCfg = Debug|Any CPU
		{81830EEB-9BA3-F3E0-2A4C-D261E874D308}.Debug|Any CPU.Build.0 = Debug|Any CPU
		{81830EEB-9BA3-F3E0-2A4C-D261E874D308}.Release|Any CPU.ActiveCfg = Release|Any CPU
		{81830EEB-9BA3-F3E0-2A4C-D261E874D308}.Release|Any CPU.Build.0 = Release|Any CPU
		{373DE62B-1303-138E-0744-6961C422382A}.Debug|Any CPU.ActiveCfg = Debug|Any CPU
		{373DE62B-1303-138E-0744-6961C422382A}.Debug|Any CPU.Build.0 = Debug|Any CPU
		{373DE62B-1303-138E-0744-6961C422382A}.Release|Any CPU.ActiveCfg = Release|Any CPU
		{373DE62B-1303-138E-0744-6961C422382A}.Release|Any CPU.Build.0 = Release|Any CPU
	EndGlobalSection
	GlobalSection(SolutionProperties) = preSolution
		HideSolutionNode = FALSE
	EndGlobalSection
EndGlobal
